
Microsoft Visual Studio Solution File, Format Version 12.00
# Visual Studio 15
VisualStudioVersion = 15.0.27703.2042
MinimumVisualStudioVersion = 10.0.40219.1
Project("{FAE04EC0-301F-11D3-BF4B-00C04F79EFBC}") = "UmbracoAzureDeploymentGuide", "UmbracoAzureDeploymentGuide\UmbracoAzureDeploymentGuide.csproj", "{F19D74D8-B32D-4709-A1B5-A2B36B979EE9}"
EndProject
Global
	GlobalSection(SolutionConfigurationPlatforms) = preSolution
		Debug|Any CPU = Debug|Any CPU
		Release|Any CPU = Release|Any CPU
	EndGlobalSection
	GlobalSection(ProjectConfigurationPlatforms) = postSolution
		{F19D74D8-B32D-4709-A1B5-A2B36B979EE9}.Debug|Any CPU.ActiveCfg = Debug|Any CPU
		{F19D74D8-B32D-4709-A1B5-A2B36B979EE9}.Debug|Any CPU.Build.0 = Debug|Any CPU
		{F19D74D8-B32D-4709-A1B5-A2B36B979EE9}.Release|Any CPU.ActiveCfg = Release|Any CPU
		{F19D74D8-B32D-4709-A1B5-A2B36B979EE9}.Release|Any CPU.Build.0 = Release|Any CPU
	EndGlobalSection
	GlobalSection(SolutionProperties) = preSolution
		HideSolutionNode = FALSE
	EndGlobalSection
	GlobalSection(ExtensibilityGlobals) = postSolution
		SolutionGuid = {5B487AFE-AA64-402B-9C14-8345B8A0FB18}
	EndGlobalSection
EndGlobal
